
Microsoft Visual Studio Solution File, Format Version 12.00
# Visual Studio Version 17
VisualStudioVersion = 17.14.36414.22 d17.14
MinimumVisualStudioVersion = 10.0.40219.1
Project("{FAE04EC0-301F-11D3-BF4B-00C04F79EFBC}") = "Lab_rab_3_Husainova_R_BPI_23-02", "Lab_rab_3_Husainova_R_BPI_23-02\Lab_rab_3_Husainova_R_BPI_23-02.csproj", "{61F09E13-B957-4AC6-99FE-12C2C39F7516}"
EndProject
Global
	GlobalSection(SolutionConfigurationPlatforms) = preSolution
		Debug|Any CPU = Debug|Any CPU
		Release|Any CPU = Release|Any CPU
	EndGlobalSection
	GlobalSection(ProjectConfigurationPlatforms) = postSolution
		{61F09E13-B957-4AC6-99FE-12C2C39F7516}.Debug|Any CPU.ActiveCfg = Debug|Any CPU
		{61F09E13-B957-4AC6-99FE-12C2C39F7516}.Debug|Any CPU.Build.0 = Debug|Any CPU
		{61F09E13-B957-4AC6-99FE-12C2C39F7516}.Release|Any CPU.ActiveCfg = Release|Any CPU
		{61F09E13-B957-4AC6-99FE-12C2C39F7516}.Release|Any CPU.Build.0 = Release|Any CPU
	EndGlobalSection
	GlobalSection(SolutionProperties) = preSolution
		HideSolutionNode = FALSE
	EndGlobalSection
	GlobalSection(ExtensibilityGlobals) = postSolution
		SolutionGuid = {684DA63A-E8B0-4EDF-A327-EDB4F2581508}
	EndGlobalSection
EndGlobal
